// !$*UTF8*$!
{
	archiveVersion = 1;
	classes = {
	};
	objectVersion = 44;
	objects = {

/* Begin PBXBuildFile section */
		00C235CC10FE32E300223CDC /* PxlFkr.cpp in Sources */ = {isa = PBXBuildFile; fileRef = 00C235CB10FE32E300223CDC /* PxlFkr.cpp */; };
		00C938DC0ECCB5AE000238B1 /* CoreVideo.framework in Frameworks */ = {isa = PBXBuildFile; fileRef = 00C938D90ECCB5AE000238B1 /* CoreVideo.framework */; };
		00C938DD0ECCB5AE000238B1 /* QTKit.framework in Frameworks */ = {isa = PBXBuildFile; fileRef = 00C938DA0ECCB5AE000238B1 /* QTKit.framework */; };
		00C938DE0ECCB5AE000238B1 /* OpenGL.framework in Frameworks */ = {isa = PBXBuildFile; fileRef = 00C938DB0ECCB5AE000238B1 /* OpenGL.framework */; };
		00C93A0C0ECCEED2000238B1 /* QuickTime.framework in Frameworks */ = {isa = PBXBuildFile; fileRef = 00C93A0B0ECCEED2000238B1 /* QuickTime.framework */; };
		00CDB2C911781D8700F1AEE2 /* AudioUnit.framework in Frameworks */ = {isa = PBXBuildFile; fileRef = 00CDB2C811781D8700F1AEE2 /* AudioUnit.framework */; };
		00CDB2DB11781E1E00F1AEE2 /* AudioToolbox.framework in Frameworks */ = {isa = PBXBuildFile; fileRef = 00CDB2DA11781E1E00F1AEE2 /* AudioToolbox.framework */; };
		0C03529F14EE1AE300A19D9F /* sandbox.lua in Sources */ = {isa = PBXBuildFile; fileRef = 0C03529E14EE1AE300A19D9F /* sandbox.lua */; };
		0C0352AE14EE1AF500A19D9F /* sandbox.lua in Resources */ = {isa = PBXBuildFile; fileRef = 0C03529E14EE1AE300A19D9F /* sandbox.lua */; };
		0C0352EA14EE2D5A00A19D9F /* Text.cpp in Sources */ = {isa = PBXBuildFile; fileRef = 0C0352E914EE2D5A00A19D9F /* Text.cpp */; };
		0C03532914EE4B6300A19D9F /* Text.tolua.cpp in Sources */ = {isa = PBXBuildFile; fileRef = 0C03532714EE4B6300A19D9F /* Text.tolua.cpp */; };
		0C0FFC4A13F1055E003D5B4D /* LuaBridge.cpp in Sources */ = {isa = PBXBuildFile; fileRef = 0C0FFC4613F1055E003D5B4D /* LuaBridge.cpp */; };
		0C0FFC4B13F1055E003D5B4D /* LuaState.cpp in Sources */ = {isa = PBXBuildFile; fileRef = 0C0FFC4813F1055E003D5B4D /* LuaState.cpp */; };
		0C0FFDA413F4CE96003D5B4D /* OSCMessageTable.cpp in Sources */ = {isa = PBXBuildFile; fileRef = 0C0FFDA313F4CE96003D5B4D /* OSCMessageTable.cpp */; };
		0C269FC4153B7D3200D400AB /* Shader.cpp in Sources */ = {isa = PBXBuildFile; fileRef = 0C269FC3153B7D3200D400AB /* Shader.cpp */; };
		0C3A14A315328EE000ADDD5D /* FrameBuffer.tolua.cpp in Sources */ = {isa = PBXBuildFile; fileRef = 0C3A14A115328EE000ADDD5D /* FrameBuffer.tolua.cpp */; };
		0CA293B0151454BD00086709 /* FrameBuffer.cpp in Sources */ = {isa = PBXBuildFile; fileRef = 0CA293AF151454BD00086709 /* FrameBuffer.cpp */; };
		0CAB255E168527F3007067D9 /* osc.a in Frameworks */ = {isa = PBXBuildFile; fileRef = 0CAB252F168527F3007067D9 /* osc.a */; };
		0CAB2571168527F4007067D9 /* OscBundle.cpp in Sources */ = {isa = PBXBuildFile; fileRef = 0CAB255A168527F3007067D9 /* OscBundle.cpp */; };
		0CAB2572168527F4007067D9 /* OscListener.cpp in Sources */ = {isa = PBXBuildFile; fileRef = 0CAB255B168527F3007067D9 /* OscListener.cpp */; };
		0CAB2573168527F4007067D9 /* OscMessage.cpp in Sources */ = {isa = PBXBuildFile; fileRef = 0CAB255C168527F3007067D9 /* OscMessage.cpp */; };
		0CAB2574168527F4007067D9 /* OscSender.cpp in Sources */ = {isa = PBXBuildFile; fileRef = 0CAB255D168527F3007067D9 /* OscSender.cpp */; };
		0CCCA54A14ECDD8A00929768 /* routing.lua in Resources */ = {isa = PBXBuildFile; fileRef = 0CCCA54914ECDD8A00929768 /* routing.lua */; };
		0CCCA5DB14ECF9E400929768 /* slab.lua in Sources */ = {isa = PBXBuildFile; fileRef = 0CCCA5DA14ECF9E400929768 /* slab.lua */; };
		0CCCA5E414ECFA0A00929768 /* slab.lua in Resources */ = {isa = PBXBuildFile; fileRef = 0CCCA5DA14ECF9E400929768 /* slab.lua */; };
		0CE11C3B146902B300B63246 /* Drawing.cpp in Sources */ = {isa = PBXBuildFile; fileRef = 0CE11C39146902B300B63246 /* Drawing.cpp */; };
		0CE11C3E146902C200B63246 /* core.lua in Sources */ = {isa = PBXBuildFile; fileRef = 0CE11C3D146902C200B63246 /* core.lua */; };
		0CE11CC3146908B400B63246 /* Drawing.tolua.cpp in Sources */ = {isa = PBXBuildFile; fileRef = 0CE11CC2146908B400B63246 /* Drawing.tolua.cpp */; };
		0CE11CCE1469145A00B63246 /* CoreBinding.cpp in Sources */ = {isa = PBXBuildFile; fileRef = 0CE11CCD1469145A00B63246 /* CoreBinding.cpp */; };
		0CE11D4114691A3400B63246 /* core.lua in Resources */ = {isa = PBXBuildFile; fileRef = 0CE11C3D146902C200B63246 /* core.lua */; };
		8D11072F0486CEB800E47090 /* Cocoa.framework in Frameworks */ = {isa = PBXBuildFile; fileRef = 1058C7A1FEA54F0111CA2CBB /* Cocoa.framework */; };
/* End PBXBuildFile section */

/* Begin PBXFileReference section */
		00C235CB10FE32E300223CDC /* PxlFkr.cpp */ = {isa = PBXFileReference; fileEncoding = 4; lastKnownFileType = sourcecode.cpp.cpp; name = PxlFkr.cpp; path = ../src/PxlFkr.cpp; sourceTree = SOURCE_ROOT; };
		00C938D90ECCB5AE000238B1 /* CoreVideo.framework */ = {isa = PBXFileReference; lastKnownFileType = wrapper.framework; name = CoreVideo.framework; path = SDKs/MacOSX10.5.sdk/System/Library/Frameworks/CoreVideo.framework; sourceTree = DEVELOPER_DIR; };
		00C938DA0ECCB5AE000238B1 /* QTKit.framework */ = {isa = PBXFileReference; lastKnownFileType = wrapper.framework; name = QTKit.framework; path = SDKs/MacOSX10.5.sdk/System/Library/Frameworks/QTKit.framework; sourceTree = DEVELOPER_DIR; };
		00C938DB0ECCB5AE000238B1 /* OpenGL.framework */ = {isa = PBXFileReference; lastKnownFileType = wrapper.framework; name = OpenGL.framework; path = /System/Library/Frameworks/OpenGL.framework; sourceTree = "<absolute>"; };
		00C93A0B0ECCEED2000238B1 /* QuickTime.framework */ = {isa = PBXFileReference; lastKnownFileType = wrapper.framework; name = QuickTime.framework; path = /System/Library/Frameworks/QuickTime.framework; sourceTree = "<absolute>"; };
		00CDB2C811781D8700F1AEE2 /* AudioUnit.framework */ = {isa = PBXFileReference; lastKnownFileType = wrapper.framework; name = AudioUnit.framework; path = System/Library/Frameworks/AudioUnit.framework; sourceTree = SDKROOT; };
		00CDB2DA11781E1E00F1AEE2 /* AudioToolbox.framework */ = {isa = PBXFileReference; lastKnownFileType = wrapper.framework; name = AudioToolbox.framework; path = System/Library/Frameworks/AudioToolbox.framework; sourceTree = SDKROOT; };
		0C03529E14EE1AE300A19D9F /* sandbox.lua */ = {isa = PBXFileReference; fileEncoding = 4; lastKnownFileType = sourcecode.lua; path = sandbox.lua; sourceTree = "<group>"; };
		0C0352E814EE2D5A00A19D9F /* Text.h */ = {isa = PBXFileReference; fileEncoding = 4; lastKnownFileType = sourcecode.c.h; path = Text.h; sourceTree = "<group>"; };
		0C0352E914EE2D5A00A19D9F /* Text.cpp */ = {isa = PBXFileReference; fileEncoding = 4; lastKnownFileType = sourcecode.cpp.cpp; path = Text.cpp; sourceTree = "<group>"; };
		0C03532714EE4B6300A19D9F /* Text.tolua.cpp */ = {isa = PBXFileReference; fileEncoding = 4; lastKnownFileType = sourcecode.cpp.cpp; path = Text.tolua.cpp; sourceTree = "<group>"; };
		0C03532814EE4B6300A19D9F /* Text.tolua.h */ = {isa = PBXFileReference; fileEncoding = 4; lastKnownFileType = sourcecode.c.h; path = Text.tolua.h; sourceTree = "<group>"; };
		0C0FFC4613F1055E003D5B4D /* LuaBridge.cpp */ = {isa = PBXFileReference; fileEncoding = 4; lastKnownFileType = sourcecode.cpp.cpp; name = LuaBridge.cpp; path = ../src/LuaBridge.cpp; sourceTree = SOURCE_ROOT; };
		0C0FFC4713F1055E003D5B4D /* LuaBridge.h */ = {isa = PBXFileReference; fileEncoding = 4; lastKnownFileType = sourcecode.c.h; name = LuaBridge.h; path = ../src/LuaBridge.h; sourceTree = SOURCE_ROOT; };
		0C0FFC4813F1055E003D5B4D /* LuaState.cpp */ = {isa = PBXFileReference; fileEncoding = 4; lastKnownFileType = sourcecode.cpp.cpp; name = LuaState.cpp; path = ../src/LuaState.cpp; sourceTree = SOURCE_ROOT; };
		0C0FFC4913F1055E003D5B4D /* LuaState.h */ = {isa = PBXFileReference; fileEncoding = 4; lastKnownFileType = sourcecode.c.h; name = LuaState.h; path = ../src/LuaState.h; sourceTree = SOURCE_ROOT; };
		0C0FFDA213F4CE96003D5B4D /* OSCMessageTable.h */ = {isa = PBXFileReference; fileEncoding = 4; lastKnownFileType = sourcecode.c.h; name = OSCMessageTable.h; path = ../src/OSCMessageTable.h; sourceTree = SOURCE_ROOT; };
		0C0FFDA313F4CE96003D5B4D /* OSCMessageTable.cpp */ = {isa = PBXFileReference; fileEncoding = 4; lastKnownFileType = sourcecode.cpp.cpp; name = OSCMessageTable.cpp; path = ../src/OSCMessageTable.cpp; sourceTree = SOURCE_ROOT; };
		0C0FFDA513F4D4F8003D5B4D /* LuaValue.h */ = {isa = PBXFileReference; fileEncoding = 4; lastKnownFileType = sourcecode.c.h; name = LuaValue.h; path = ../src/LuaValue.h; sourceTree = SOURCE_ROOT; };
		0C269FC2153B7D3200D400AB /* Shader.h */ = {isa = PBXFileReference; fileEncoding = 4; lastKnownFileType = sourcecode.c.h; path = Shader.h; sourceTree = "<group>"; };
		0C269FC3153B7D3200D400AB /* Shader.cpp */ = {isa = PBXFileReference; fileEncoding = 4; lastKnownFileType = sourcecode.cpp.cpp; path = Shader.cpp; sourceTree = "<group>"; };
		0C3A14A115328EE000ADDD5D /* FrameBuffer.tolua.cpp */ = {isa = PBXFileReference; fileEncoding = 4; lastKnownFileType = sourcecode.cpp.cpp; path = FrameBuffer.tolua.cpp; sourceTree = "<group>"; };
		0C3A14A215328EE000ADDD5D /* FrameBuffer.tolua.h */ = {isa = PBXFileReference; fileEncoding = 4; lastKnownFileType = sourcecode.c.h; path = FrameBuffer.tolua.h; sourceTree = "<group>"; };
		0CA293AE151454BD00086709 /* FrameBuffer.h */ = {isa = PBXFileReference; fileEncoding = 4; lastKnownFileType = sourcecode.c.h; path = FrameBuffer.h; sourceTree = "<group>"; };
		0CA293AF151454BD00086709 /* FrameBuffer.cpp */ = {isa = PBXFileReference; fileEncoding = 4; lastKnownFileType = sourcecode.cpp.cpp; path = FrameBuffer.cpp; sourceTree = "<group>"; };
		0CAB2519168527F3007067D9 /* IpEndpointName.h */ = {isa = PBXFileReference; fileEncoding = 4; lastKnownFileType = sourcecode.c.h; path = IpEndpointName.h; sourceTree = "<group>"; };
		0CAB251A168527F3007067D9 /* NetworkingUtils.h */ = {isa = PBXFileReference; fileEncoding = 4; lastKnownFileType = sourcecode.c.h; path = NetworkingUtils.h; sourceTree = "<group>"; };
		0CAB251B168527F3007067D9 /* PacketListener.h */ = {isa = PBXFileReference; fileEncoding = 4; lastKnownFileType = sourcecode.c.h; path = PacketListener.h; sourceTree = "<group>"; };
		0CAB251C168527F3007067D9 /* TimerListener.h */ = {isa = PBXFileReference; fileEncoding = 4; lastKnownFileType = sourcecode.c.h; path = TimerListener.h; sourceTree = "<group>"; };
		0CAB251D168527F3007067D9 /* UdpSocket.h */ = {isa = PBXFileReference; fileEncoding = 4; lastKnownFileType = sourcecode.c.h; path = UdpSocket.h; sourceTree = "<group>"; };
		0CAB251F168527F3007067D9 /* MessageMappingOscPacketListener.h */ = {isa = PBXFileReference; fileEncoding = 4; lastKnownFileType = sourcecode.c.h; path = MessageMappingOscPacketListener.h; sourceTree = "<group>"; };
		0CAB2520168527F3007067D9 /* OscException.h */ = {isa = PBXFileReference; fileEncoding = 4; lastKnownFileType = sourcecode.c.h; path = OscException.h; sourceTree = "<group>"; };
		0CAB2521168527F3007067D9 /* OscHostEndianness.h */ = {isa = PBXFileReference; fileEncoding = 4; lastKnownFileType = sourcecode.c.h; path = OscHostEndianness.h; sourceTree = "<group>"; };
		0CAB2522168527F3007067D9 /* OscOutboundPacketStream.h */ = {isa = PBXFileReference; fileEncoding = 4; lastKnownFileType = sourcecode.c.h; path = OscOutboundPacketStream.h; sourceTree = "<group>"; };
		0CAB2523168527F3007067D9 /* OscPacketListener.h */ = {isa = PBXFileReference; fileEncoding = 4; lastKnownFileType = sourcecode.c.h; path = OscPacketListener.h; sourceTree = "<group>"; };
		0CAB2524168527F3007067D9 /* OscPrintReceivedElements.h */ = {isa = PBXFileReference; fileEncoding = 4; lastKnownFileType = sourcecode.c.h; path = OscPrintReceivedElements.h; sourceTree = "<group>"; };
		0CAB2525168527F3007067D9 /* OscReceivedElements.h */ = {isa = PBXFileReference; fileEncoding = 4; lastKnownFileType = sourcecode.c.h; path = OscReceivedElements.h; sourceTree = "<group>"; };
		0CAB2526168527F3007067D9 /* OscTypes.h */ = {isa = PBXFileReference; fileEncoding = 4; lastKnownFileType = sourcecode.c.h; path = OscTypes.h; sourceTree = "<group>"; };
		0CAB2527168527F3007067D9 /* OscArg.h */ = {isa = PBXFileReference; fileEncoding = 4; lastKnownFileType = sourcecode.c.h; path = OscArg.h; sourceTree = "<group>"; };
		0CAB2528168527F3007067D9 /* OscBundle.h */ = {isa = PBXFileReference; fileEncoding = 4; lastKnownFileType = sourcecode.c.h; path = OscBundle.h; sourceTree = "<group>"; };
		0CAB2529168527F3007067D9 /* OscListener.h */ = {isa = PBXFileReference; fileEncoding = 4; lastKnownFileType = sourcecode.c.h; path = OscListener.h; sourceTree = "<group>"; };
		0CAB252A168527F3007067D9 /* OscMessage.h */ = {isa = PBXFileReference; fileEncoding = 4; lastKnownFileType = sourcecode.c.h; path = OscMessage.h; sourceTree = "<group>"; };
		0CAB252B168527F3007067D9 /* OscSender.h */ = {isa = PBXFileReference; fileEncoding = 4; lastKnownFileType = sourcecode.c.h; path = OscSender.h; sourceTree = "<group>"; };
		0CAB252F168527F3007067D9 /* osc.a */ = {isa = PBXFileReference; lastKnownFileType = archive.ar; path = osc.a; sourceTree = "<group>"; };
		0CAB255A168527F3007067D9 /* OscBundle.cpp */ = {isa = PBXFileReference; fileEncoding = 4; lastKnownFileType = sourcecode.cpp.cpp; path = OscBundle.cpp; sourceTree = "<group>"; };
		0CAB255B168527F3007067D9 /* OscListener.cpp */ = {isa = PBXFileReference; fileEncoding = 4; lastKnownFileType = sourcecode.cpp.cpp; path = OscListener.cpp; sourceTree = "<group>"; };
		0CAB255C168527F3007067D9 /* OscMessage.cpp */ = {isa = PBXFileReference; fileEncoding = 4; lastKnownFileType = sourcecode.cpp.cpp; path = OscMessage.cpp; sourceTree = "<group>"; };
		0CAB255D168527F3007067D9 /* OscSender.cpp */ = {isa = PBXFileReference; fileEncoding = 4; lastKnownFileType = sourcecode.cpp.cpp; path = OscSender.cpp; sourceTree = "<group>"; };
		0CCCA54914ECDD8A00929768 /* routing.lua */ = {isa = PBXFileReference; fileEncoding = 4; lastKnownFileType = sourcecode.lua; path = routing.lua; sourceTree = "<group>"; };
		0CCCA5DA14ECF9E400929768 /* slab.lua */ = {isa = PBXFileReference; fileEncoding = 4; lastKnownFileType = sourcecode.lua; path = slab.lua; sourceTree = "<group>"; };
		0CE11C39146902B300B63246 /* Drawing.cpp */ = {isa = PBXFileReference; fileEncoding = 4; lastKnownFileType = sourcecode.cpp.cpp; path = Drawing.cpp; sourceTree = "<group>"; };
		0CE11C3A146902B300B63246 /* Drawing.h */ = {isa = PBXFileReference; fileEncoding = 4; lastKnownFileType = sourcecode.c.h; path = Drawing.h; sourceTree = "<group>"; };
		0CE11C3D146902C200B63246 /* core.lua */ = {isa = PBXFileReference; fileEncoding = 4; lastKnownFileType = sourcecode.lua; path = core.lua; sourceTree = "<group>"; };
		0CE11CC2146908B400B63246 /* Drawing.tolua.cpp */ = {isa = PBXFileReference; fileEncoding = 4; lastKnownFileType = sourcecode.cpp.cpp; path = Drawing.tolua.cpp; sourceTree = "<group>"; };
		0CE11CC414690BDE00B63246 /* Drawing.tolua.h */ = {isa = PBXFileReference; fileEncoding = 4; lastKnownFileType = sourcecode.c.h; path = Drawing.tolua.h; sourceTree = "<group>"; };
		0CE11CC714690EF000B63246 /* LuaBinding.h */ = {isa = PBXFileReference; fileEncoding = 4; lastKnownFileType = sourcecode.c.h; name = LuaBinding.h; path = ../src/LuaBinding.h; sourceTree = SOURCE_ROOT; };
		0CE11CCC1469145A00B63246 /* CoreBindings.h */ = {isa = PBXFileReference; fileEncoding = 4; lastKnownFileType = sourcecode.c.h; name = CoreBindings.h; path = ../src/CoreBindings.h; sourceTree = SOURCE_ROOT; };
		0CE11CCD1469145A00B63246 /* CoreBinding.cpp */ = {isa = PBXFileReference; fileEncoding = 4; lastKnownFileType = sourcecode.cpp.cpp; name = CoreBinding.cpp; path = ../src/CoreBinding.cpp; sourceTree = SOURCE_ROOT; };
		1058C7A1FEA54F0111CA2CBB /* Cocoa.framework */ = {isa = PBXFileReference; lastKnownFileType = wrapper.framework; name = Cocoa.framework; path = /System/Library/Frameworks/Cocoa.framework; sourceTree = "<absolute>"; };
		13E42FB307B3F0F600E4EEF1 /* CoreData.framework */ = {isa = PBXFileReference; lastKnownFileType = wrapper.framework; name = CoreData.framework; path = /System/Library/Frameworks/CoreData.framework; sourceTree = "<absolute>"; };
		29B97324FDCFA39411CA2CEA /* AppKit.framework */ = {isa = PBXFileReference; lastKnownFileType = wrapper.framework; name = AppKit.framework; path = /System/Library/Frameworks/AppKit.framework; sourceTree = "<absolute>"; };
		29B97325FDCFA39411CA2CEA /* Foundation.framework */ = {isa = PBXFileReference; lastKnownFileType = wrapper.framework; name = Foundation.framework; path = /System/Library/Frameworks/Foundation.framework; sourceTree = "<absolute>"; };
		32CA4F630368D1EE00C91783 /* pxlfkr_Prefix.pch */ = {isa = PBXFileReference; fileEncoding = 4; lastKnownFileType = sourcecode.c.h; path = pxlfkr_Prefix.pch; sourceTree = "<group>"; };
		8D1107310486CEB800E47090 /* Info.plist */ = {isa = PBXFileReference; fileEncoding = 4; lastKnownFileType = text.plist.xml; path = Info.plist; sourceTree = "<group>"; };
		8D1107320486CEB800E47090 /* pxlfkr.app */ = {isa = PBXFileReference; explicitFileType = wrapper.application; includeInIndex = 0; path = pxlfkr.app; sourceTree = BUILT_PRODUCTS_DIR; };
/* End PBXFileReference section */

/* Begin PBXFrameworksBuildPhase section */
		8D11072E0486CEB800E47090 /* Frameworks */ = {
			isa = PBXFrameworksBuildPhase;
			buildActionMask = 2147483647;
			files = (
				8D11072F0486CEB800E47090 /* Cocoa.framework in Frameworks */,
				00C938DC0ECCB5AE000238B1 /* CoreVideo.framework in Frameworks */,
				00C938DD0ECCB5AE000238B1 /* QTKit.framework in Frameworks */,
				00C938DE0ECCB5AE000238B1 /* OpenGL.framework in Frameworks */,
				00C93A0C0ECCEED2000238B1 /* QuickTime.framework in Frameworks */,
				00CDB2C911781D8700F1AEE2 /* AudioUnit.framework in Frameworks */,
				00CDB2DB11781E1E00F1AEE2 /* AudioToolbox.framework in Frameworks */,
				0CAB255E168527F3007067D9 /* osc.a in Frameworks */,
			);
			runOnlyForDeploymentPostprocessing = 0;
		};
/* End PBXFrameworksBuildPhase section */

/* Begin PBXGroup section */
		00BC6BCE0F93F7470086A1DC /* Other Sources */ = {
			isa = PBXGroup;
			children = (
				32CA4F630368D1EE00C91783 /* pxlfkr_Prefix.pch */,
			);
			name = "Other Sources";
			sourceTree = "<group>";
		};
		0C0FFCE213F24B18003D5B4D /* Blocks */ = {
			isa = PBXGroup;
			children = (
				0CAB2516168527F3007067D9 /* osc */,
			);
			name = Blocks;
			sourceTree = "<group>";
		};
		0CAB2516168527F3007067D9 /* osc */ = {
			isa = PBXGroup;
			children = (
				0CAB2517168527F3007067D9 /* include */,
				0CAB252C168527F3007067D9 /* lib */,
				0CAB2559168527F3007067D9 /* src */,
			);
			name = osc;
			path = ../../cinder_0.8.3_mac/blocks/osc;
			sourceTree = SOURCE_ROOT;
		};
		0CAB2517168527F3007067D9 /* include */ = {
			isa = PBXGroup;
			children = (
				0CAB2518168527F3007067D9 /* ip */,
				0CAB251E168527F3007067D9 /* osc */,
				0CAB2527168527F3007067D9 /* OscArg.h */,
				0CAB2528168527F3007067D9 /* OscBundle.h */,
				0CAB2529168527F3007067D9 /* OscListener.h */,
				0CAB252A168527F3007067D9 /* OscMessage.h */,
				0CAB252B168527F3007067D9 /* OscSender.h */,
			);
			path = include;
			sourceTree = "<group>";
		};
		0CAB2518168527F3007067D9 /* ip */ = {
			isa = PBXGroup;
			children = (
				0CAB2519168527F3007067D9 /* IpEndpointName.h */,
				0CAB251A168527F3007067D9 /* NetworkingUtils.h */,
				0CAB251B168527F3007067D9 /* PacketListener.h */,
				0CAB251C168527F3007067D9 /* TimerListener.h */,
				0CAB251D168527F3007067D9 /* UdpSocket.h */,
			);
			path = ip;
			sourceTree = "<group>";
		};
		0CAB251E168527F3007067D9 /* osc */ = {
			isa = PBXGroup;
			children = (
				0CAB251F168527F3007067D9 /* MessageMappingOscPacketListener.h */,
				0CAB2520168527F3007067D9 /* OscException.h */,
				0CAB2521168527F3007067D9 /* OscHostEndianness.h */,
				0CAB2522168527F3007067D9 /* OscOutboundPacketStream.h */,
				0CAB2523168527F3007067D9 /* OscPacketListener.h */,
				0CAB2524168527F3007067D9 /* OscPrintReceivedElements.h */,
				0CAB2525168527F3007067D9 /* OscReceivedElements.h */,
				0CAB2526168527F3007067D9 /* OscTypes.h */,
			);
			path = osc;
			sourceTree = "<group>";
		};
		0CAB252C168527F3007067D9 /* lib */ = {
			isa = PBXGroup;
			children = (
				0CAB252D168527F3007067D9 /* iphone */,
				0CAB252E168527F3007067D9 /* macosx */,
			);
			path = lib;
			sourceTree = "<group>";
		};
		0CAB252D168527F3007067D9 /* iphone */ = {
			isa = PBXGroup;
			children = (
			);
			path = iphone;
			sourceTree = "<group>";
		};
		0CAB252E168527F3007067D9 /* macosx */ = {
			isa = PBXGroup;
			children = (
				0CAB252F168527F3007067D9 /* osc.a */,
			);
			path = macosx;
			sourceTree = "<group>";
		};
		0CAB2559168527F3007067D9 /* src */ = {
			isa = PBXGroup;
			children = (
				0CAB255A168527F3007067D9 /* OscBundle.cpp */,
				0CAB255B168527F3007067D9 /* OscListener.cpp */,
				0CAB255C168527F3007067D9 /* OscMessage.cpp */,
				0CAB255D168527F3007067D9 /* OscSender.cpp */,
			);
			path = src;
			sourceTree = "<group>";
		};
		0CE11C38146902B300B63246 /* bindings */ = {
			isa = PBXGroup;
			children = (
				0C03532714EE4B6300A19D9F /* Text.tolua.cpp */,
				0C03532814EE4B6300A19D9F /* Text.tolua.h */,
				0CE11CC414690BDE00B63246 /* Drawing.tolua.h */,
				0CE11CC2146908B400B63246 /* Drawing.tolua.cpp */,
				0CE11C39146902B300B63246 /* Drawing.cpp */,
				0CE11C3A146902B300B63246 /* Drawing.h */,
				0C0352E814EE2D5A00A19D9F /* Text.h */,
				0C0352E914EE2D5A00A19D9F /* Text.cpp */,
				0CA293AE151454BD00086709 /* FrameBuffer.h */,
				0CA293AF151454BD00086709 /* FrameBuffer.cpp */,
				0C3A14A215328EE000ADDD5D /* FrameBuffer.tolua.h */,
				0C3A14A115328EE000ADDD5D /* FrameBuffer.tolua.cpp */,
				0C269FC2153B7D3200D400AB /* Shader.h */,
				0C269FC3153B7D3200D400AB /* Shader.cpp */,
			);
			name = bindings;
			path = ../src/bindings;
			sourceTree = SOURCE_ROOT;
		};
		0CE11C3C146902C200B63246 /* scripts */ = {
			isa = PBXGroup;
			children = (
				0CE11C3D146902C200B63246 /* core.lua */,
				0CCCA54914ECDD8A00929768 /* routing.lua */,
				0CCCA5DA14ECF9E400929768 /* slab.lua */,
				0C03529E14EE1AE300A19D9F /* sandbox.lua */,
			);
			name = scripts;
			path = ../src/scripts;
			sourceTree = SOURCE_ROOT;
		};
		1058C7A0FEA54F0111CA2CBB /* Linked Frameworks */ = {
			isa = PBXGroup;
			children = (
				00C93A0B0ECCEED2000238B1 /* QuickTime.framework */,
				00C938D90ECCB5AE000238B1 /* CoreVideo.framework */,
				00C938DA0ECCB5AE000238B1 /* QTKit.framework */,
				00C938DB0ECCB5AE000238B1 /* OpenGL.framework */,
				1058C7A1FEA54F0111CA2CBB /* Cocoa.framework */,
				00CDB2C811781D8700F1AEE2 /* AudioUnit.framework */,
				00CDB2DA11781E1E00F1AEE2 /* AudioToolbox.framework */,
			);
			name = "Linked Frameworks";
			sourceTree = "<group>";
		};
		1058C7A2FEA54F0111CA2CBB /* Other Frameworks */ = {
			isa = PBXGroup;
			children = (
				29B97324FDCFA39411CA2CEA /* AppKit.framework */,
				13E42FB307B3F0F600E4EEF1 /* CoreData.framework */,
				29B97325FDCFA39411CA2CEA /* Foundation.framework */,
			);
			name = "Other Frameworks";
			sourceTree = "<group>";
		};
		19C28FACFE9D520D11CA2CBB /* Products */ = {
			isa = PBXGroup;
			children = (
				8D1107320486CEB800E47090 /* pxlfkr.app */,
			);
			name = Products;
			sourceTree = "<group>";
		};
		29B97314FDCFA39411CA2CEA /* quickTimeSample */ = {
			isa = PBXGroup;
			children = (
				0C0FFCE213F24B18003D5B4D /* Blocks */,
				29B97315FDCFA39411CA2CEA /* Source */,
				00BC6BCE0F93F7470086A1DC /* Other Sources */,
				29B97317FDCFA39411CA2CEA /* Resources */,
				29B97323FDCFA39411CA2CEA /* Frameworks */,
				19C28FACFE9D520D11CA2CBB /* Products */,
			);
			name = quickTimeSample;
			sourceTree = "<group>";
		};
		29B97315FDCFA39411CA2CEA /* Source */ = {
			isa = PBXGroup;
			children = (
				0CE11C3C146902C200B63246 /* scripts */,
				0CE11C38146902B300B63246 /* bindings */,
				00C235CB10FE32E300223CDC /* PxlFkr.cpp */,
				0C0FFC4713F1055E003D5B4D /* LuaBridge.h */,
				0C0FFC4613F1055E003D5B4D /* LuaBridge.cpp */,
				0C0FFDA213F4CE96003D5B4D /* OSCMessageTable.h */,
				0C0FFDA313F4CE96003D5B4D /* OSCMessageTable.cpp */,
				0C0FFC4913F1055E003D5B4D /* LuaState.h */,
				0C0FFC4813F1055E003D5B4D /* LuaState.cpp */,
				0C0FFDA513F4D4F8003D5B4D /* LuaValue.h */,
				0CE11CC714690EF000B63246 /* LuaBinding.h */,
				0CE11CCC1469145A00B63246 /* CoreBindings.h */,
				0CE11CCD1469145A00B63246 /* CoreBinding.cpp */,
			);
			name = Source;
			sourceTree = "<group>";
		};
		29B97317FDCFA39411CA2CEA /* Resources */ = {
			isa = PBXGroup;
			children = (
				8D1107310486CEB800E47090 /* Info.plist */,
			);
			name = Resources;
			sourceTree = "<group>";
		};
		29B97323FDCFA39411CA2CEA /* Frameworks */ = {
			isa = PBXGroup;
			children = (
				1058C7A0FEA54F0111CA2CBB /* Linked Frameworks */,
				1058C7A2FEA54F0111CA2CBB /* Other Frameworks */,
			);
			name = Frameworks;
			sourceTree = "<group>";
		};
/* End PBXGroup section */

/* Begin PBXNativeTarget section */
		8D1107260486CEB800E47090 /* pxlfkr */ = {
			isa = PBXNativeTarget;
			buildConfigurationList = C01FCF4A08A954540054247B /* Build configuration list for PBXNativeTarget "pxlfkr" */;
			buildPhases = (
				8D1107290486CEB800E47090 /* Resources */,
				8D11072C0486CEB800E47090 /* Sources */,
				8D11072E0486CEB800E47090 /* Frameworks */,
			);
			buildRules = (
			);
			dependencies = (
			);
			name = pxlfkr;
			productInstallPath = "$(HOME)/Applications";
			productName = quickTimeSample;
			productReference = 8D1107320486CEB800E47090 /* pxlfkr.app */;
			productType = "com.apple.product-type.application";
		};
/* End PBXNativeTarget section */

/* Begin PBXProject section */
		29B97313FDCFA39411CA2CEA /* Project object */ = {
			isa = PBXProject;
			buildConfigurationList = C01FCF4E08A954540054247B /* Build configuration list for PBXProject "pxlfkr" */;
			compatibilityVersion = "Xcode 3.0";
			developmentRegion = English;
			hasScannedForEncodings = 1;
			knownRegions = (
				English,
				Japanese,
				French,
				German,
			);
			mainGroup = 29B97314FDCFA39411CA2CEA /* quickTimeSample */;
			projectDirPath = "";
			projectRoot = "";
			targets = (
				8D1107260486CEB800E47090 /* pxlfkr */,
			);
		};
/* End PBXProject section */

/* Begin PBXResourcesBuildPhase section */
		8D1107290486CEB800E47090 /* Resources */ = {
			isa = PBXResourcesBuildPhase;
			buildActionMask = 2147483647;
			files = (
				0C0352AE14EE1AF500A19D9F /* sandbox.lua in Resources */,
				0CCCA5E414ECFA0A00929768 /* slab.lua in Resources */,
				0CE11D4114691A3400B63246 /* core.lua in Resources */,
				0CCCA54A14ECDD8A00929768 /* routing.lua in Resources */,
			);
			runOnlyForDeploymentPostprocessing = 0;
		};
/* End PBXResourcesBuildPhase section */

/* Begin PBXSourcesBuildPhase section */
		8D11072C0486CEB800E47090 /* Sources */ = {
			isa = PBXSourcesBuildPhase;
			buildActionMask = 2147483647;
			files = (
				00C235CC10FE32E300223CDC /* PxlFkr.cpp in Sources */,
				0C0FFC4A13F1055E003D5B4D /* LuaBridge.cpp in Sources */,
				0C0FFC4B13F1055E003D5B4D /* LuaState.cpp in Sources */,
				0C0FFDA413F4CE96003D5B4D /* OSCMessageTable.cpp in Sources */,
				0CE11C3B146902B300B63246 /* Drawing.cpp in Sources */,
				0CE11C3E146902C200B63246 /* core.lua in Sources */,
				0CE11CC3146908B400B63246 /* Drawing.tolua.cpp in Sources */,
				0CE11CCE1469145A00B63246 /* CoreBinding.cpp in Sources */,
				0CCCA5DB14ECF9E400929768 /* slab.lua in Sources */,
				0C03529F14EE1AE300A19D9F /* sandbox.lua in Sources */,
				0C0352EA14EE2D5A00A19D9F /* Text.cpp in Sources */,
				0C03532914EE4B6300A19D9F /* Text.tolua.cpp in Sources */,
				0CA293B0151454BD00086709 /* FrameBuffer.cpp in Sources */,
				0C3A14A315328EE000ADDD5D /* FrameBuffer.tolua.cpp in Sources */,
				0C269FC4153B7D3200D400AB /* Shader.cpp in Sources */,
				0CAB2571168527F4007067D9 /* OscBundle.cpp in Sources */,
				0CAB2572168527F4007067D9 /* OscListener.cpp in Sources */,
				0CAB2573168527F4007067D9 /* OscMessage.cpp in Sources */,
				0CAB2574168527F4007067D9 /* OscSender.cpp in Sources */,
			);
			runOnlyForDeploymentPostprocessing = 0;
		};
/* End PBXSourcesBuildPhase section */

/* Begin XCBuildConfiguration section */
		C01FCF4B08A954540054247B /* Debug */ = {
			isa = XCBuildConfiguration;
			buildSettings = {
				COPY_PHASE_STRIP = NO;
				DEAD_CODE_STRIPPING = YES;
				FRAMEWORK_SEARCH_PATHS = (
					"$(inherited)",
					"\"$(DEVELOPER_DIR)/SDKs/MacOSX10.5.sdk/System/Library/Frameworks\"",
				);
				GCC_DYNAMIC_NO_PIC = NO;
				GCC_ENABLE_FIX_AND_CONTINUE = YES;
				GCC_INLINES_ARE_PRIVATE_EXTERN = YES;
				GCC_MODEL_TUNING = G5;
				GCC_OPTIMIZATION_LEVEL = 0;
				GCC_PRECOMPILE_PREFIX_HEADER = YES;
				GCC_PREFIX_HEADER = pxlfkr_Prefix.pch;
				GCC_SYMBOLS_PRIVATE_EXTERN = NO;
				INFOPLIST_FILE = Info.plist;
				INSTALL_PATH = "$(HOME)/Applications";
				LIBRARY_SEARCH_PATHS = (
					"$(inherited)",
					"\"$(SRCROOT)/../../../blocks/osc/lib/iphone\"",
					"\"$(SRCROOT)/../../../blocks/osc/lib/macosx\"",
					"\"$(SRCROOT)/../../cinder_0.8.3_mac/blocks/osc/lib/macosx\"",
				);
				OTHER_LDFLAGS = (
					"-llua",
					"$(CINDER_PATH)/blocks/osc/lib/macosx/osc.a",
					"-force_load",
					"/usr/local/lib/lib/libtolua++5.1.a",
					"$(CINDER_PATH)/lib/libcinder_d.a",
				);
				PRODUCT_NAME = pxlfkr;
				STRIP_STYLE = "non-global";
				WRAPPER_EXTENSION = app;
				ZERO_LINK = YES;
			};
			name = Debug;
		};
		C01FCF4C08A954540054247B /* Release */ = {
			isa = XCBuildConfiguration;
			buildSettings = {
				DEAD_CODE_STRIPPING = YES;
				DEBUG_INFORMATION_FORMAT = "dwarf-with-dsym";
				FRAMEWORK_SEARCH_PATHS = (
					"$(inherited)",
					"\"$(DEVELOPER_DIR)/SDKs/MacOSX10.5.sdk/System/Library/Frameworks\"",
				);
				GCC_INLINES_ARE_PRIVATE_EXTERN = YES;
				GCC_MODEL_TUNING = G5;
				GCC_PRECOMPILE_PREFIX_HEADER = YES;
				GCC_PREFIX_HEADER = pxlfkr_Prefix.pch;
				GCC_SYMBOLS_PRIVATE_EXTERN = NO;
				INFOPLIST_FILE = Info.plist;
				INSTALL_PATH = "$(HOME)/Applications";
				LIBRARY_SEARCH_PATHS = (
					"$(inherited)",
					"\"$(SRCROOT)/../../../blocks/osc/lib/iphone\"",
					"\"$(SRCROOT)/../../../blocks/osc/lib/macosx\"",
					"\"$(SRCROOT)/../../cinder_0.8.3_mac/blocks/osc/lib/macosx\"",
				);
				OTHER_LDFLAGS = "$(CINDER_PATH)/lib/libcinder.a";
				PRODUCT_NAME = pxlfkr;
				WRAPPER_EXTENSION = app;
			};
			name = Release;
		};
		C01FCF4F08A954540054247B /* Debug */ = {
			isa = XCBuildConfiguration;
			buildSettings = {
				ALWAYS_SEARCH_USER_PATHS = NO;
				ARCHS = i386;
				CINDER_PATH = ../../cinder_0.8.3_mac/;
				GCC_VERSION = "";
				GCC_WARN_ABOUT_RETURN_TYPE = YES;
				GCC_WARN_UNUSED_VARIABLE = YES;
				HEADER_SEARCH_PATHS = (
					"/usr/local/lib/include/**",
					"/usr/local/include/**",
					"$(CINDER_PATH)/boost",
				);
				LIBRARY_SEARCH_PATHS = (
					"/usr/local/lib/**",
					"/usr/local/lib/lib/**",
				);
				MACOSX_DEPLOYMENT_TARGET = 10.5;
				OTHER_LDFLAGS = "";
				PREBINDING = NO;
				SDKROOT = "$(DEVELOPER_SDK_DIR)/MacOSX10.6.sdk";
				STRIP_INSTALLED_PRODUCT = NO;
				USER_HEADER_SEARCH_PATHS = "$(CINDER_PATH)/blocks/osc/include $(CINDER_PATH)/include";
			};
			name = Debug;
		};
		C01FCF5008A954540054247B /* Release */ = {
			isa = XCBuildConfiguration;
			buildSettings = {
				ALWAYS_SEARCH_USER_PATHS = NO;
				ARCHS = i386;
				CINDER_PATH = ../../..;
				GCC_VERSION = "";
				GCC_WARN_ABOUT_RETURN_TYPE = YES;
				GCC_WARN_UNUSED_VARIABLE = YES;
				HEADER_SEARCH_PATHS = "$(CINDER_PATH)/boost";
				MACOSX_DEPLOYMENT_TARGET = 10.5;
				PREBINDING = NO;
				SDKROOT = "$(DEVELOPER_SDK_DIR)/MacOSX10.6.sdk";
				USER_HEADER_SEARCH_PATHS = "$(CINDER_PATH)/include";
			};
			name = Release;
		};
/* End XCBuildConfiguration section */

/* Begin XCConfigurationList section */
		C01FCF4A08A954540054247B /* Build configuration list for PBXNativeTarget "pxlfkr" */ = {
			isa = XCConfigurationList;
			buildConfigurations = (
				C01FCF4B08A954540054247B /* Debug */,
				C01FCF4C08A954540054247B /* Release */,
			);
			defaultConfigurationIsVisible = 0;
			defaultConfigurationName = Release;
		};
		C01FCF4E08A954540054247B /* Build configuration list for PBXProject "pxlfkr" */ = {
			isa = XCConfigurationList;
			buildConfigurations = (
				C01FCF4F08A954540054247B /* Debug */,
				C01FCF5008A954540054247B /* Release */,
			);
			defaultConfigurationIsVisible = 0;
			defaultConfigurationName = Release;
		};
/* End XCConfigurationList section */
	};
	rootObject = 29B97313FDCFA39411CA2CEA /* Project object */;
}
